// !$*UTF8*$!
{
	archiveVersion = 1;
	classes = {
	};
	objectVersion = 48;
	objects = {

/* Begin PBXBuildFile section */
		FC905A662016D34600BFE914 /* AboutViewController.swift in Sources */ = {isa = PBXBuildFile; fileRef = FC905A652016D34600BFE914 /* AboutViewController.swift */; };
		FC905A682016D5D700BFE914 /* AboutMeViewController.swift in Sources */ = {isa = PBXBuildFile; fileRef = FC905A672016D5D700BFE914 /* AboutMeViewController.swift */; };
		FCF45A631FDAB91B00D99E85 /* AppDelegate.swift in Sources */ = {isa = PBXBuildFile; fileRef = FCF45A621FDAB91B00D99E85 /* AppDelegate.swift */; };
		FCF45A651FDAB91B00D99E85 /* ViewController.swift in Sources */ = {isa = PBXBuildFile; fileRef = FCF45A641FDAB91B00D99E85 /* ViewController.swift */; };
		FCF45A681FDAB91B00D99E85 /* Main.storyboard in Resources */ = {isa = PBXBuildFile; fileRef = FCF45A661FDAB91B00D99E85 /* Main.storyboard */; };
		FCF45A6A1FDAB91B00D99E85 /* Assets.xcassets in Resources */ = {isa = PBXBuildFile; fileRef = FCF45A691FDAB91B00D99E85 /* Assets.xcassets */; };
		FCF45A6D1FDAB91B00D99E85 /* LaunchScreen.storyboard in Resources */ = {isa = PBXBuildFile; fileRef = FCF45A6B1FDAB91B00D99E85 /* LaunchScreen.storyboard */; };
/* End PBXBuildFile section */

/* Begin PBXFileReference section */
		FC905A652016D34600BFE914 /* AboutViewController.swift */ = {isa = PBXFileReference; lastKnownFileType = sourcecode.swift; path = AboutViewController.swift; sourceTree = "<group>"; };
		FC905A672016D5D700BFE914 /* AboutMeViewController.swift */ = {isa = PBXFileReference; lastKnownFileType = sourcecode.swift; path = AboutMeViewController.swift; sourceTree = "<group>"; };
		FCF45A5F1FDAB91B00D99E85 /* 01_BullsEye.app */ = {isa = PBXFileReference; explicitFileType = wrapper.application; includeInIndex = 0; path = 01_BullsEye.app; sourceTree = BUILT_PRODUCTS_DIR; };
		FCF45A621FDAB91B00D99E85 /* AppDelegate.swift */ = {isa = PBXFileReference; lastKnownFileType = sourcecode.swift; path = AppDelegate.swift; sourceTree = "<group>"; };
		FCF45A641FDAB91B00D99E85 /* ViewController.swift */ = {isa = PBXFileReference; lastKnownFileType = sourcecode.swift; path = ViewController.swift; sourceTree = "<group>"; };
		FCF45A671FDAB91B00D99E85 /* Base */ = {isa = PBXFileReference; lastKnownFileType = file.storyboard; name = Base; path = Base.lproj/Main.storyboard; sourceTree = "<group>"; };
		FCF45A691FDAB91B00D99E85 /* Assets.xcassets */ = {isa = PBXFileReference; lastKnownFileType = folder.assetcatalog; path = Assets.xcassets; sourceTree = "<group>"; };
		FCF45A6C1FDAB91B00D99E85 /* Base */ = {isa = PBXFileReference; lastKnownFileType = file.storyboard; name = Base; path = Base.lproj/LaunchScreen.storyboard; sourceTree = "<group>"; };
		FCF45A6E1FDAB91B00D99E85 /* Info.plist */ = {isa = PBXFileReference; lastKnownFileType = text.plist.xml; path = Info.plist; sourceTree = "<group>"; };
/* End PBXFileReference section */

/* Begin PBXFrameworksBuildPhase section */
		FCF45A5C1FDAB91B00D99E85 /* Frameworks */ = {
			isa = PBXFrameworksBuildPhase;
			buildActionMask = 2147483647;
			files = (
			);
			runOnlyForDeploymentPostprocessing = 0;
		};
/* End PBXFrameworksBuildPhase section */

/* Begin PBXGroup section */
		FCF45A561FDAB91B00D99E85 = {
			isa = PBXGroup;
			children = (
				FCF45A611FDAB91B00D99E85 /* 01_BullsEye */,
				FCF45A601FDAB91B00D99E85 /* Products */,
			);
			sourceTree = "<group>";
		};
		FCF45A601FDAB91B00D99E85 /* Products */ = {
			isa = PBXGroup;
			children = (
				FCF45A5F1FDAB91B00D99E85 /* 01_BullsEye.app */,
			);
			name = Products;
			sourceTree = "<group>";
		};
		FCF45A611FDAB91B00D99E85 /* 01_BullsEye */ = {
			isa = PBXGroup;
			children = (
				FCF45A621FDAB91B00D99E85 /* AppDelegate.swift */,
				FCF45A641FDAB91B00D99E85 /* ViewController.swift */,
				FC905A652016D34600BFE914 /* AboutViewController.swift */,
				FC905A672016D5D700BFE914 /* AboutMeViewController.swift */,
				FCF45A661FDAB91B00D99E85 /* Main.storyboard */,
				FCF45A691FDAB91B00D99E85 /* Assets.xcassets */,
				FCF45A6B1FDAB91B00D99E85 /* LaunchScreen.storyboard */,
				FCF45A6E1FDAB91B00D99E85 /* Info.plist */,
			);
			path = 01_BullsEye;
			sourceTree = "<group>";
		};
/* End PBXGroup section */

/* Begin PBXNativeTarget section */
		FCF45A5E1FDAB91B00D99E85 /* 01_BullsEye */ = {
			isa = PBXNativeTarget;
			buildConfigurationList = FCF45A711FDAB91B00D99E85 /* Build configuration list for PBXNativeTarget "01_BullsEye" */;
			buildPhases = (
				FCF45A5B1FDAB91B00D99E85 /* Sources */,
				FCF45A5C1FDAB91B00D99E85 /* Frameworks */,
				FCF45A5D1FDAB91B00D99E85 /* Resources */,
			);
			buildRules = (
			);
			dependencies = (
			);
			name = 01_BullsEye;
			productName = 01_BullsEye;
			productReference = FCF45A5F1FDAB91B00D99E85 /* 01_BullsEye.app */;
			productType = "com.apple.product-type.application";
		};
/* End PBXNativeTarget section */

/* Begin PBXProject section */
		FCF45A571FDAB91B00D99E85 /* Project object */ = {
			isa = PBXProject;
			attributes = {
				LastSwiftUpdateCheck = 0920;
				LastUpgradeCheck = 0920;
				ORGANIZATIONNAME = "Samuel K";
				TargetAttributes = {
					FCF45A5E1FDAB91B00D99E85 = {
						CreatedOnToolsVersion = 9.2;
						ProvisioningStyle = Automatic;
					};
				};
			};
			buildConfigurationList = FCF45A5A1FDAB91B00D99E85 /* Build configuration list for PBXProject "01_BullsEye" */;
			compatibilityVersion = "Xcode 8.0";
			developmentRegion = en;
			hasScannedForEncodings = 0;
			knownRegions = (
				en,
				Base,
			);
			mainGroup = FCF45A561FDAB91B00D99E85;
			productRefGroup = FCF45A601FDAB91B00D99E85 /* Products */;
			projectDirPath = "";
			projectRoot = "";
			targets = (
				FCF45A5E1FDAB91B00D99E85 /* 01_BullsEye */,
			);
		};
/* End PBXProject section */

/* Begin PBXResourcesBuildPhase section */
		FCF45A5D1FDAB91B00D99E85 /* Resources */ = {
			isa = PBXResourcesBuildPhase;
			buildActionMask = 2147483647;
			files = (
				FCF45A6D1FDAB91B00D99E85 /* LaunchScreen.storyboard in Resources */,
				FCF45A6A1FDAB91B00D99E85 /* Assets.xcassets in Resources */,
				FCF45A681FDAB91B00D99E85 /* Main.storyboard in Resources */,
			);
			runOnlyForDeploymentPostprocessing = 0;
		};
/* End PBXResourcesBuildPhase section */

/* Begin PBXSourcesBuildPhase section */
		FCF45A5B1FDAB91B00D99E85 /* Sources */ = {
			isa = PBXSourcesBuildPhase;
			buildActionMask = 2147483647;
			files = (
				FC905A662016D34600BFE914 /* AboutViewController.swift in Sources */,
				FCF45A651FDAB91B00D99E85 /* ViewController.swift in Sources */,
				FC905A682016D5D700BFE914 /* AboutMeViewController.swift in Sources */,
				FCF45A631FDAB91B00D99E85 /* AppDelegate.swift in Sources */,
			);
			runOnlyForDeploymentPostprocessing = 0;
		};
/* End PBXSourcesBuildPhase section */

/* Begin PBXVariantGroup section */
		FCF45A661FDAB91B00D99E85 /* Main.storyboard */ = {
			isa = PBXVariantGroup;
			children = (
				FCF45A671FDAB91B00D99E85 /* Base */,
			);
			name = Main.storyboard;
			sourceTree = "<group>";
		};
		FCF45A6B1FDAB91B00D99E85 /* LaunchScreen.storyboard */ = {
			isa = PBXVariantGroup;
			children = (
				FCF45A6C1FDAB91B00D99E85 /* Base */,
			);
			name = LaunchScreen.storyboard;
			sourceTree = "<group>";
		};
/* End PBXVariantGroup section */

/* Begin XCBuildConfiguration section */
		FCF45A6F1FDAB91B00D99E85 /* Debug */ = {
			isa = XCBuildConfiguration;
			buildSettings = {
				ALWAYS_SEARCH_USER_PATHS = NO;
				CLANG_ANALYZER_NONNULL = YES;
				CLANG_ANALYZER_NUMBER_OBJECT_CONVERSION = YES_AGGRESSIVE;
				CLANG_CXX_LANGUAGE_STANDARD = "gnu++14";
				CLANG_CXX_LIBRARY = "libc++";
				CLANG_ENABLE_MODULES = YES;
				CLANG_ENABLE_OBJC_ARC = YES;
				CLANG_WARN_BLOCK_CAPTURE_AUTORELEASING = YES;
				CLANG_WARN_BOOL_CONVERSION = YES;
				CLANG_WARN_COMMA = YES;
				CLANG_WARN_CONSTANT_CONVERSION = YES;
				CLANG_WARN_DIRECT_OBJC_ISA_USAGE = YES_ERROR;
				CLANG_WARN_DOCUMENTATION_COMMENTS = YES;
				CLANG_WARN_EMPTY_BODY = YES;
				CLANG_WARN_ENUM_CONVERSION = YES;
				CLANG_WARN_INFINITE_RECURSION = YES;
				CLANG_WARN_INT_CONVERSION = YES;
				CLANG_WARN_NON_LITERAL_NULL_CONVERSION = YES;
				CLANG_WARN_OBJC_LITERAL_CONVERSION = YES;
				CLANG_WARN_OBJC_ROOT_CLASS = YES_ERROR;
				CLANG_WARN_RANGE_LOOP_ANALYSIS = YES;
				CLANG_WARN_STRICT_PROTOTYPES = YES;
				CLANG_WARN_SUSPICIOUS_MOVE = YES;
				CLANG_WARN_UNGUARDED_AVAILABILITY = YES_AGGRESSIVE;
				CLANG_WARN_UNREACHABLE_CODE = YES;
				CLANG_WARN__DUPLICATE_METHOD_MATCH = YES;
				CODE_SIGN_IDENTITY = "iPhone Developer";
				COPY_PHASE_STRIP = NO;
				DEBUG_INFORMATION_FORMAT = dwarf;
				ENABLE_STRICT_OBJC_MSGSEND = YES;
				ENABLE_TESTABILITY = YES;
				GCC_C_LANGUAGE_STANDARD = gnu11;
				GCC_DYNAMIC_NO_PIC = NO;
				GCC_NO_COMMON_BLOCKS = YES;
				GCC_OPTIMIZATION_LEVEL = 0;
				GCC_PREPROCESSOR_DEFINITIONS = (
					"DEBUG=1",
					"$(inherited)",
				);
				GCC_WARN_64_TO_32_BIT_CONVERSION = YES;
				GCC_WARN_ABOUT_RETURN_TYPE = YES_ERROR;
				GCC_WARN_UNDECLARED_SELECTOR = YES;
				GCC_WARN_UNINITIALIZED_AUTOS = YES_AGGRESSIVE;
				GCC_WARN_UNUSED_FUNCTION = YES;
				GCC_WARN_UNUSED_VARIABLE = YES;
				IPHONEOS_DEPLOYMENT_TARGET = 11.2;
				MTL_ENABLE_DEBUG_INFO = YES;
				ONLY_ACTIVE_ARCH = YES;
				SDKROOT = iphoneos;
				SWIFT_ACTIVE_COMPILATION_CONDITIONS = DEBUG;
				SWIFT_OPTIMIZATION_LEVEL = "-Onone";
			};
			name = Debug;
		};
		FCF45A701FDAB91B00D99E85 /* Release */ = {
			isa = XCBuildConfiguration;
			buildSettings = {
				ALWAYS_SEARCH_USER_PATHS = NO;
				CLANG_ANALYZER_NONNULL = YES;
				CLANG_ANALYZER_NUMBER_OBJECT_CONVERSION = YES_AGGRESSIVE;
				CLANG_CXX_LANGUAGE_STANDARD = "gnu++14";
				CLANG_CXX_LIBRARY = "libc++";
				CLANG_ENABLE_MODULES = YES;
				CLANG_ENABLE_OBJC_ARC = YES;
				CLANG_WARN_BLOCK_CAPTURE_AUTORELEASING = YES;
				CLANG_WARN_BOOL_CONVERSION = YES;
				CLANG_WARN_COMMA = YES;
				CLANG_WARN_CONSTANT_CONVERSION = YES;
				CLANG_WARN_DIRECT_OBJC_ISA_USAGE = YES_ERROR;
				CLANG_WARN_DOCUMENTATION_COMMENTS = YES;
				CLANG_WARN_EMPTY_BODY = YES;
				CLANG_WARN_ENUM_CONVERSION = YES;
				CLANG_WARN_INFINITE_RECURSION = YES;
				CLANG_WARN_INT_CONVERSION = YES;
				CLANG_WARN_NON_LITERAL_NULL_CONVERSION = YES;
				CLANG_WARN_OBJC_LITERAL_CONVERSION = YES;
				CLANG_WARN_OBJC_ROOT_CLASS = YES_ERROR;
				CLANG_WARN_RANGE_LOOP_ANALYSIS = YES;
				CLANG_WARN_STRICT_PROTOTYPES = YES;
				CLANG_WARN_SUSPICIOUS_MOVE = YES;
				CLANG_WARN_UNGUARDED_AVAILABILITY = YES_AGGRESSIVE;
				CLANG_WARN_UNREACHABLE_CODE = YES;
				CLANG_WARN__DUPLICATE_METHOD_MATCH = YES;
				CODE_SIGN_IDENTITY = "iPhone Developer";
				COPY_PHASE_STRIP = NO;
				DEBUG_INFORMATION_FORMAT = "dwarf-with-dsym";
				ENABLE_NS_ASSERTIONS = NO;
				ENABLE_STRICT_OBJC_MSGSEND = YES;
				GCC_C_LANGUAGE_STANDARD = gnu11;
				GCC_NO_COMMON_BLOCKS = YES;
				GCC_WARN_64_TO_32_BIT_CONVERSION = YES;
				GCC_WARN_ABOUT_RETURN_TYPE = YES_ERROR;
				GCC_WARN_UNDECLARED_SELECTOR = YES;
				GCC_WARN_UNINITIALIZED_AUTOS = YES_AGGRESSIVE;
				GCC_WARN_UNUSED_FUNCTION = YES;
				GCC_WARN_UNUSED_VARIABLE = YES;
				IPHONEOS_DEPLOYMENT_TARGET = 11.2;
				MTL_ENABLE_DEBUG_INFO = NO;
				SDKROOT = iphoneos;
				SWIFT_OPTIMIZATION_LEVEL = "-Owholemodule";
				VALIDATE_PRODUCT = YES;
			};
			name = Release;
		};
		FCF45A721FDAB91B00D99E85 /* Debug */ = {
			isa = XCBuildConfiguration;
			buildSettings = {
				ASSETCATALOG_COMPILER_APPICON_NAME = AppIcon;
				CODE_SIGN_STYLE = Automatic;
				DEVELOPMENT_TEAM = G4MM77V7NH;
				INFOPLIST_FILE = 01_BullsEye/Info.plist;
				LD_RUNPATH_SEARCH_PATHS = "$(inherited) @executable_path/Frameworks";
				PRODUCT_BUNDLE_IDENTIFIER = "com.SamuelK.-1-BullsEye";
				PRODUCT_NAME = "$(TARGET_NAME)";
				SWIFT_VERSION = 4.0;
				TARGETED_DEVICE_FAMILY = "1,2";
			};
			name = Debug;
		};
		FCF45A731FDAB91B00D99E85 /* Release */ = {
			isa = XCBuildConfiguration;
			buildSettings = {
				ASSETCATALOG_COMPILER_APPICON_NAME = AppIcon;
				CODE_SIGN_STYLE = Automatic;
				DEVELOPMENT_TEAM = G4MM77V7NH;
				INFOPLIST_FILE = 01_BullsEye/Info.plist;
				LD_RUNPATH_SEARCH_PATHS = "$(inherited) @executable_path/Frameworks";
				PRODUCT_BUNDLE_IDENTIFIER = "com.SamuelK.-1-BullsEye";
				PRODUCT_NAME = "$(TARGET_NAME)";
				SWIFT_VERSION = 4.0;
				TARGETED_DEVICE_FAMILY = "1,2";
			};
			name = Release;
		};
/* End XCBuildConfiguration section */

/* Begin XCConfigurationList section */
		FCF45A5A1FDAB91B00D99E85 /* Build configuration list for PBXProject "01_BullsEye" */ = {
			isa = XCConfigurationList;
			buildConfigurations = (
				FCF45A6F1FDAB91B00D99E85 /* Debug */,
				FCF45A701FDAB91B00D99E85 /* Release */,
			);
			defaultConfigurationIsVisible = 0;
			defaultConfigurationName = Release;
		};
		FCF45A711FDAB91B00D99E85 /* Build configuration list for PBXNativeTarget "01_BullsEye" */ = {
			isa = XCConfigurationList;
			buildConfigurations = (
				FCF45A721FDAB91B00D99E85 /* Debug */,
				FCF45A731FDAB91B00D99E85 /* Release */,
			);
			defaultConfigurationIsVisible = 0;
			defaultConfigurationName = Release;
		};
/* End XCConfigurationList section */
	};
	rootObject = FCF45A571FDAB91B00D99E85 /* Project object */;
}
