// !$*UTF8*$!
{
	archiveVersion = 1;
	classes = {
	};
	objectVersion = 48;
	objects = {

/* Begin PBXBuildFile section */
		FC61AEE320735CFD0085E7BE /* AppDelegate.swift in Sources */ = {isa = PBXBuildFile; fileRef = FC61AEE220735CFD0085E7BE /* AppDelegate.swift */; };
		FC61AEE520735CFD0085E7BE /* ViewController.swift in Sources */ = {isa = PBXBuildFile; fileRef = FC61AEE420735CFD0085E7BE /* ViewController.swift */; };
		FC61AEE820735CFD0085E7BE /* Main.storyboard in Resources */ = {isa = PBXBuildFile; fileRef = FC61AEE620735CFD0085E7BE /* Main.storyboard */; };
		FC61AEEA20735CFD0085E7BE /* Assets.xcassets in Resources */ = {isa = PBXBuildFile; fileRef = FC61AEE920735CFD0085E7BE /* Assets.xcassets */; };
		FC61AEED20735CFD0085E7BE /* LaunchScreen.storyboard in Resources */ = {isa = PBXBuildFile; fileRef = FC61AEEB20735CFD0085E7BE /* LaunchScreen.storyboard */; };
		FC61AEF520735D140085E7BE /* PrintDelegates.swift in Sources */ = {isa = PBXBuildFile; fileRef = FC61AEF420735D140085E7BE /* PrintDelegates.swift */; };
		FC61AEF720735F290085E7BE /* ViewController2.swift in Sources */ = {isa = PBXBuildFile; fileRef = FC61AEF620735F290085E7BE /* ViewController2.swift */; };
/* End PBXBuildFile section */

/* Begin PBXFileReference section */
		FC61AEDF20735CFD0085E7BE /* (0403)DelegateSample.app */ = {isa = PBXFileReference; explicitFileType = wrapper.application; includeInIndex = 0; path = "(0403)DelegateSample.app"; sourceTree = BUILT_PRODUCTS_DIR; };
		FC61AEE220735CFD0085E7BE /* AppDelegate.swift */ = {isa = PBXFileReference; lastKnownFileType = sourcecode.swift; path = AppDelegate.swift; sourceTree = "<group>"; };
		FC61AEE420735CFD0085E7BE /* ViewController.swift */ = {isa = PBXFileReference; lastKnownFileType = sourcecode.swift; path = ViewController.swift; sourceTree = "<group>"; };
		FC61AEE720735CFD0085E7BE /* Base */ = {isa = PBXFileReference; lastKnownFileType = file.storyboard; name = Base; path = Base.lproj/Main.storyboard; sourceTree = "<group>"; };
		FC61AEE920735CFD0085E7BE /* Assets.xcassets */ = {isa = PBXFileReference; lastKnownFileType = folder.assetcatalog; path = Assets.xcassets; sourceTree = "<group>"; };
		FC61AEEC20735CFD0085E7BE /* Base */ = {isa = PBXFileReference; lastKnownFileType = file.storyboard; name = Base; path = Base.lproj/LaunchScreen.storyboard; sourceTree = "<group>"; };
		FC61AEEE20735CFD0085E7BE /* Info.plist */ = {isa = PBXFileReference; lastKnownFileType = text.plist.xml; path = Info.plist; sourceTree = "<group>"; };
		FC61AEF420735D140085E7BE /* PrintDelegates.swift */ = {isa = PBXFileReference; lastKnownFileType = sourcecode.swift; path = PrintDelegates.swift; sourceTree = "<group>"; };
		FC61AEF620735F290085E7BE /* ViewController2.swift */ = {isa = PBXFileReference; lastKnownFileType = sourcecode.swift; path = ViewController2.swift; sourceTree = "<group>"; };
/* End PBXFileReference section */

/* Begin PBXFrameworksBuildPhase section */
		FC61AEDC20735CFD0085E7BE /* Frameworks */ = {
			isa = PBXFrameworksBuildPhase;
			buildActionMask = 2147483647;
			files = (
			);
			runOnlyForDeploymentPostprocessing = 0;
		};
/* End PBXFrameworksBuildPhase section */

/* Begin PBXGroup section */
		FC61AED620735CFD0085E7BE = {
			isa = PBXGroup;
			children = (
				FC61AEE120735CFD0085E7BE /* (0403)DelegateSample */,
				FC61AEE020735CFD0085E7BE /* Products */,
			);
			sourceTree = "<group>";
		};
		FC61AEE020735CFD0085E7BE /* Products */ = {
			isa = PBXGroup;
			children = (
				FC61AEDF20735CFD0085E7BE /* (0403)DelegateSample.app */,
			);
			name = Products;
			sourceTree = "<group>";
		};
		FC61AEE120735CFD0085E7BE /* (0403)DelegateSample */ = {
			isa = PBXGroup;
			children = (
				FC61AEE220735CFD0085E7BE /* AppDelegate.swift */,
				FC61AEE420735CFD0085E7BE /* ViewController.swift */,
				FC61AEE620735CFD0085E7BE /* Main.storyboard */,
				FC61AEE920735CFD0085E7BE /* Assets.xcassets */,
				FC61AEEB20735CFD0085E7BE /* LaunchScreen.storyboard */,
				FC61AEEE20735CFD0085E7BE /* Info.plist */,
				FC61AEF420735D140085E7BE /* PrintDelegates.swift */,
				FC61AEF620735F290085E7BE /* ViewController2.swift */,
			);
			path = "(0403)DelegateSample";
			sourceTree = "<group>";
		};
/* End PBXGroup section */

/* Begin PBXNativeTarget section */
		FC61AEDE20735CFD0085E7BE /* (0403)DelegateSample */ = {
			isa = PBXNativeTarget;
			buildConfigurationList = FC61AEF120735CFD0085E7BE /* Build configuration list for PBXNativeTarget "(0403)DelegateSample" */;
			buildPhases = (
				FC61AEDB20735CFD0085E7BE /* Sources */,
				FC61AEDC20735CFD0085E7BE /* Frameworks */,
				FC61AEDD20735CFD0085E7BE /* Resources */,
			);
			buildRules = (
			);
			dependencies = (
			);
			name = "(0403)DelegateSample";
			productName = "(0403)DelegateSample";
			productReference = FC61AEDF20735CFD0085E7BE /* (0403)DelegateSample.app */;
			productType = "com.apple.product-type.application";
		};
/* End PBXNativeTarget section */

/* Begin PBXProject section */
		FC61AED720735CFD0085E7BE /* Project object */ = {
			isa = PBXProject;
			attributes = {
				LastSwiftUpdateCheck = 0920;
				LastUpgradeCheck = 0920;
				ORGANIZATIONNAME = "Samuel K";
				TargetAttributes = {
					FC61AEDE20735CFD0085E7BE = {
						CreatedOnToolsVersion = 9.2;
						ProvisioningStyle = Automatic;
					};
				};
			};
			buildConfigurationList = FC61AEDA20735CFD0085E7BE /* Build configuration list for PBXProject "(0403)DelegateSample" */;
			compatibilityVersion = "Xcode 8.0";
			developmentRegion = en;
			hasScannedForEncodings = 0;
			knownRegions = (
				en,
				Base,
			);
			mainGroup = FC61AED620735CFD0085E7BE;
			productRefGroup = FC61AEE020735CFD0085E7BE /* Products */;
			projectDirPath = "";
			projectRoot = "";
			targets = (
				FC61AEDE20735CFD0085E7BE /* (0403)DelegateSample */,
			);
		};
/* End PBXProject section */

/* Begin PBXResourcesBuildPhase section */
		FC61AEDD20735CFD0085E7BE /* Resources */ = {
			isa = PBXResourcesBuildPhase;
			buildActionMask = 2147483647;
			files = (
				FC61AEED20735CFD0085E7BE /* LaunchScreen.storyboard in Resources */,
				FC61AEEA20735CFD0085E7BE /* Assets.xcassets in Resources */,
				FC61AEE820735CFD0085E7BE /* Main.storyboard in Resources */,
			);
			runOnlyForDeploymentPostprocessing = 0;
		};
/* End PBXResourcesBuildPhase section */

/* Begin PBXSourcesBuildPhase section */
		FC61AEDB20735CFD0085E7BE /* Sources */ = {
			isa = PBXSourcesBuildPhase;
			buildActionMask = 2147483647;
			files = (
				FC61AEE520735CFD0085E7BE /* ViewController.swift in Sources */,
				FC61AEF720735F290085E7BE /* ViewController2.swift in Sources */,
				FC61AEF520735D140085E7BE /* PrintDelegates.swift in Sources */,
				FC61AEE320735CFD0085E7BE /* AppDelegate.swift in Sources */,
			);
			runOnlyForDeploymentPostprocessing = 0;
		};
/* End PBXSourcesBuildPhase section */

/* Begin PBXVariantGroup section */
		FC61AEE620735CFD0085E7BE /* Main.storyboard */ = {
			isa = PBXVariantGroup;
			children = (
				FC61AEE720735CFD0085E7BE /* Base */,
			);
			name = Main.storyboard;
			sourceTree = "<group>";
		};
		FC61AEEB20735CFD0085E7BE /* LaunchScreen.storyboard */ = {
			isa = PBXVariantGroup;
			children = (
				FC61AEEC20735CFD0085E7BE /* Base */,
			);
			name = LaunchScreen.storyboard;
			sourceTree = "<group>";
		};
/* End PBXVariantGroup section */

/* Begin XCBuildConfiguration section */
		FC61AEEF20735CFD0085E7BE /* Debug */ = {
			isa = XCBuildConfiguration;
			buildSettings = {
				ALWAYS_SEARCH_USER_PATHS = NO;
				CLANG_ANALYZER_NONNULL = YES;
				CLANG_ANALYZER_NUMBER_OBJECT_CONVERSION = YES_AGGRESSIVE;
				CLANG_CXX_LANGUAGE_STANDARD = "gnu++14";
				CLANG_CXX_LIBRARY = "libc++";
				CLANG_ENABLE_MODULES = YES;
				CLANG_ENABLE_OBJC_ARC = YES;
				CLANG_WARN_BLOCK_CAPTURE_AUTORELEASING = YES;
				CLANG_WARN_BOOL_CONVERSION = YES;
				CLANG_WARN_COMMA = YES;
				CLANG_WARN_CONSTANT_CONVERSION = YES;
				CLANG_WARN_DIRECT_OBJC_ISA_USAGE = YES_ERROR;
				CLANG_WARN_DOCUMENTATION_COMMENTS = YES;
				CLANG_WARN_EMPTY_BODY = YES;
				CLANG_WARN_ENUM_CONVERSION = YES;
				CLANG_WARN_INFINITE_RECURSION = YES;
				CLANG_WARN_INT_CONVERSION = YES;
				CLANG_WARN_NON_LITERAL_NULL_CONVERSION = YES;
				CLANG_WARN_OBJC_LITERAL_CONVERSION = YES;
				CLANG_WARN_OBJC_ROOT_CLASS = YES_ERROR;
				CLANG_WARN_RANGE_LOOP_ANALYSIS = YES;
				CLANG_WARN_STRICT_PROTOTYPES = YES;
				CLANG_WARN_SUSPICIOUS_MOVE = YES;
				CLANG_WARN_UNGUARDED_AVAILABILITY = YES_AGGRESSIVE;
				CLANG_WARN_UNREACHABLE_CODE = YES;
				CLANG_WARN__DUPLICATE_METHOD_MATCH = YES;
				CODE_SIGN_IDENTITY = "iPhone Developer";
				COPY_PHASE_STRIP = NO;
				DEBUG_INFORMATION_FORMAT = dwarf;
				ENABLE_STRICT_OBJC_MSGSEND = YES;
				ENABLE_TESTABILITY = YES;
				GCC_C_LANGUAGE_STANDARD = gnu11;
				GCC_DYNAMIC_NO_PIC = NO;
				GCC_NO_COMMON_BLOCKS = YES;
				GCC_OPTIMIZATION_LEVEL = 0;
				GCC_PREPROCESSOR_DEFINITIONS = (
					"DEBUG=1",
					"$(inherited)",
				);
				GCC_WARN_64_TO_32_BIT_CONVERSION = YES;
				GCC_WARN_ABOUT_RETURN_TYPE = YES_ERROR;
				GCC_WARN_UNDECLARED_SELECTOR = YES;
				GCC_WARN_UNINITIALIZED_AUTOS = YES_AGGRESSIVE;
				GCC_WARN_UNUSED_FUNCTION = YES;
				GCC_WARN_UNUSED_VARIABLE = YES;
				IPHONEOS_DEPLOYMENT_TARGET = 11.2;
				MTL_ENABLE_DEBUG_INFO = YES;
				ONLY_ACTIVE_ARCH = YES;
				SDKROOT = iphoneos;
				SWIFT_ACTIVE_COMPILATION_CONDITIONS = DEBUG;
				SWIFT_OPTIMIZATION_LEVEL = "-Onone";
			};
			name = Debug;
		};
		FC61AEF020735CFD0085E7BE /* Release */ = {
			isa = XCBuildConfiguration;
			buildSettings = {
				ALWAYS_SEARCH_USER_PATHS = NO;
				CLANG_ANALYZER_NONNULL = YES;
				CLANG_ANALYZER_NUMBER_OBJECT_CONVERSION = YES_AGGRESSIVE;
				CLANG_CXX_LANGUAGE_STANDARD = "gnu++14";
				CLANG_CXX_LIBRARY = "libc++";
				CLANG_ENABLE_MODULES = YES;
				CLANG_ENABLE_OBJC_ARC = YES;
				CLANG_WARN_BLOCK_CAPTURE_AUTORELEASING = YES;
				CLANG_WARN_BOOL_CONVERSION = YES;
				CLANG_WARN_COMMA = YES;
				CLANG_WARN_CONSTANT_CONVERSION = YES;
				CLANG_WARN_DIRECT_OBJC_ISA_USAGE = YES_ERROR;
				CLANG_WARN_DOCUMENTATION_COMMENTS = YES;
				CLANG_WARN_EMPTY_BODY = YES;
				CLANG_WARN_ENUM_CONVERSION = YES;
				CLANG_WARN_INFINITE_RECURSION = YES;
				CLANG_WARN_INT_CONVERSION = YES;
				CLANG_WARN_NON_LITERAL_NULL_CONVERSION = YES;
				CLANG_WARN_OBJC_LITERAL_CONVERSION = YES;
				CLANG_WARN_OBJC_ROOT_CLASS = YES_ERROR;
				CLANG_WARN_RANGE_LOOP_ANALYSIS = YES;
				CLANG_WARN_STRICT_PROTOTYPES = YES;
				CLANG_WARN_SUSPICIOUS_MOVE = YES;
				CLANG_WARN_UNGUARDED_AVAILABILITY = YES_AGGRESSIVE;
				CLANG_WARN_UNREACHABLE_CODE = YES;
				CLANG_WARN__DUPLICATE_METHOD_MATCH = YES;
				CODE_SIGN_IDENTITY = "iPhone Developer";
				COPY_PHASE_STRIP = NO;
				DEBUG_INFORMATION_FORMAT = "dwarf-with-dsym";
				ENABLE_NS_ASSERTIONS = NO;
				ENABLE_STRICT_OBJC_MSGSEND = YES;
				GCC_C_LANGUAGE_STANDARD = gnu11;
				GCC_NO_COMMON_BLOCKS = YES;
				GCC_WARN_64_TO_32_BIT_CONVERSION = YES;
				GCC_WARN_ABOUT_RETURN_TYPE = YES_ERROR;
				GCC_WARN_UNDECLARED_SELECTOR = YES;
				GCC_WARN_UNINITIALIZED_AUTOS = YES_AGGRESSIVE;
				GCC_WARN_UNUSED_FUNCTION = YES;
				GCC_WARN_UNUSED_VARIABLE = YES;
				IPHONEOS_DEPLOYMENT_TARGET = 11.2;
				MTL_ENABLE_DEBUG_INFO = NO;
				SDKROOT = iphoneos;
				SWIFT_OPTIMIZATION_LEVEL = "-Owholemodule";
				VALIDATE_PRODUCT = YES;
			};
			name = Release;
		};
		FC61AEF220735CFD0085E7BE /* Debug */ = {
			isa = XCBuildConfiguration;
			buildSettings = {
				ASSETCATALOG_COMPILER_APPICON_NAME = AppIcon;
				CODE_SIGN_STYLE = Automatic;
				DEVELOPMENT_TEAM = 5RK46U626P;
				INFOPLIST_FILE = "(0403)DelegateSample/Info.plist";
				LD_RUNPATH_SEARCH_PATHS = "$(inherited) @executable_path/Frameworks";
				PRODUCT_BUNDLE_IDENTIFIER = "com.SamuelK.-0403-DelegateSample";
				PRODUCT_NAME = "$(TARGET_NAME)";
				SWIFT_VERSION = 4.0;
				TARGETED_DEVICE_FAMILY = "1,2";
			};
			name = Debug;
		};
		FC61AEF320735CFD0085E7BE /* Release */ = {
			isa = XCBuildConfiguration;
			buildSettings = {
				ASSETCATALOG_COMPILER_APPICON_NAME = AppIcon;
				CODE_SIGN_STYLE = Automatic;
				DEVELOPMENT_TEAM = 5RK46U626P;
				INFOPLIST_FILE = "(0403)DelegateSample/Info.plist";
				LD_RUNPATH_SEARCH_PATHS = "$(inherited) @executable_path/Frameworks";
				PRODUCT_BUNDLE_IDENTIFIER = "com.SamuelK.-0403-DelegateSample";
				PRODUCT_NAME = "$(TARGET_NAME)";
				SWIFT_VERSION = 4.0;
				TARGETED_DEVICE_FAMILY = "1,2";
			};
			name = Release;
		};
/* End XCBuildConfiguration section */

/* Begin XCConfigurationList section */
		FC61AEDA20735CFD0085E7BE /* Build configuration list for PBXProject "(0403)DelegateSample" */ = {
			isa = XCConfigurationList;
			buildConfigurations = (
				FC61AEEF20735CFD0085E7BE /* Debug */,
				FC61AEF020735CFD0085E7BE /* Release */,
			);
			defaultConfigurationIsVisible = 0;
			defaultConfigurationName = Release;
		};
		FC61AEF120735CFD0085E7BE /* Build configuration list for PBXNativeTarget "(0403)DelegateSample" */ = {
			isa = XCConfigurationList;
			buildConfigurations = (
				FC61AEF220735CFD0085E7BE /* Debug */,
				FC61AEF320735CFD0085E7BE /* Release */,
			);
			defaultConfigurationIsVisible = 0;
			defaultConfigurationName = Release;
		};
/* End XCConfigurationList section */
	};
	rootObject = FC61AED720735CFD0085E7BE /* Project object */;
}
